<?xml version="1.0" encoding="utf-8"?>
<Project ToolsVersion="4.0" xmlns="http://schemas.microsoft.com/developer/msbuild/2003">
  <ItemGroup>
    <Filter Include="skse">
      <UniqueIdentifier>{d4cc7359-a051-46f7-a282-ffd2e9b3ee98}</UniqueIdentifier>
    </Filter>
    <Filter Include="skse\api">
      <UniqueIdentifier>{aad9d29f-bf14-42ce-983f-9366a13073b6}</UniqueIdentifier>
    </Filter>
    <Filter Include="skse\scaleform">
      <UniqueIdentifier>{b78d2ad3-e0df-4b8e-a766-5a33762997e1}</UniqueIdentifier>
    </Filter>
    <Filter Include="discord">
      <UniqueIdentifier>{0de5bd58-0bc0-4794-8aac-706fc9850f7a}</UniqueIdentifier>
    </Filter>
  </ItemGroup>
  <ItemGroup>
    <ClCompile Include="..\skse\GameAPI.cpp">
      <Filter>skse\api</Filter>
    </ClCompile>
    <ClCompile Include="..\skse\ScaleformAPI.cpp">
      <Filter>skse\scaleform</Filter>
    </ClCompile>
    <ClCompile Include="..\skse\ScaleformCallbacks.cpp">
      <Filter>skse\scaleform</Filter>
    </ClCompile>
    <ClCompile Include="main.cpp" />
    <ClCompile Include="DragonbornPresence.cpp" />
    <ClCompile Include="AdditionalFunctions.cpp" />
  </ItemGroup>
  <ItemGroup>
    <ClInclude Include="..\skse\GameAPI.h">
      <Filter>skse\api</Filter>
    </ClInclude>
    <ClInclude Include="..\skse\ScaleformAPI.h">
      <Filter>skse\scaleform</Filter>
    </ClInclude>
    <ClInclude Include="..\skse\ScaleformCallbacks.h">
      <Filter>skse\scaleform</Filter>
    </ClInclude>
    <ClInclude Include="DragonbornPresence.h" />
    <ClInclude Include="AdditionalFunctions.h" />
    <ClInclude Include="tinyfsm\include\tinyfsm.hpp" />
    <ClInclude Include="discord_rpc\include\discord_register.h">
      <Filter>discord</Filter>
    </ClInclude>
    <ClInclude Include="discord_rpc\include\discord_rpc.h">
      <Filter>discord</Filter>
    </ClInclude>
  </ItemGroup>
  <ItemGroup>
    <None Include="exports.def" />
    <None Include="common\plugin.def" />
  </ItemGroup>
</Project>